
Microsoft Visual Studio Solution File, Format Version 12.00
# Visual Studio Version 17
VisualStudioVersion = 17.13.35825.156
MinimumVisualStudioVersion = 10.0.40219.1
Project("{FAE04EC0-301F-11D3-BF4B-00C04F79EFBC}") = "Learn", "Learn\Learn.csproj", "{C00D447A-A673-4DC1-BF67-DDC0C32F6C6A}"
EndProject
Project("{FAE04EC0-301F-11D3-BF4B-00C04F79EFBC}") = "LS2", "LS2\LS2.csproj", "{2358F33D-6928-48B0-AEDB-8186F4A29C42}"
EndProject
Project("{FAE04EC0-301F-11D3-BF4B-00C04F79EFBC}") = "LS3", "LS3\LS3.csproj", "{9AAC2FE6-A13D-485E-8965-53B988F999BB}"
EndProject
Project("{FAE04EC0-301F-11D3-BF4B-00C04F79EFBC}") = "LS4", "LS4\LS4.csproj", "{5B2C48F2-8CDD-445D-9F6D-B7BAF2E081DF}"
EndProject
Project("{FAE04EC0-301F-11D3-BF4B-00C04F79EFBC}") = "LS5", "LS5\LS5.csproj", "{5865267A-F6D7-456C-BC8B-2AD6D3387FB9}"
EndProject
Project("{FAE04EC0-301F-11D3-BF4B-00C04F79EFBC}") = "LS6", "LS6\LS6.csproj", "{460355AC-349A-4025-9BA3-6187CF08DC5B}"
EndProject
Project("{FAE04EC0-301F-11D3-BF4B-00C04F79EFBC}") = "LS7", "LS7\LS7.csproj", "{3971240A-6631-465B-A975-ACAD99712BD1}"
EndProject
Project("{FAE04EC0-301F-11D3-BF4B-00C04F79EFBC}") = "LS8", "LS8\LS8.csproj", "{AB8D4EAF-A656-4977-8AFE-E9482B3FB77B}"
EndProject
Project("{FAE04EC0-301F-11D3-BF4B-00C04F79EFBC}") = "LS9", "LS9\LS9.csproj", "{C4FD5F0E-2CC3-4BEF-A6E4-0E572CB5B348}"
EndProject
Project("{FAE04EC0-301F-11D3-BF4B-00C04F79EFBC}") = "LS10", "LS10\LS10.csproj", "{0B418ED7-9F6B-4F6B-A0E7-217D3D17E3AA}"
EndProject
Project("{FAE04EC0-301F-11D3-BF4B-00C04F79EFBC}") = "LS11", "LS11\LS11.csproj", "{ACA55D31-E02A-4F14-AA4A-06AFB91188F8}"
EndProject
Project("{FAE04EC0-301F-11D3-BF4B-00C04F79EFBC}") = "LS12", "LS12\LS12.csproj", "{89C2F539-FEB9-4B67-9765-6870024BB2E8}"
EndProject
Project("{FAE04EC0-301F-11D3-BF4B-00C04F79EFBC}") = "LS13", "LS13\LS13.csproj", "{4C4DA280-4599-4061-97B0-445F571068BB}"
EndProject
Project("{FAE04EC0-301F-11D3-BF4B-00C04F79EFBC}") = "LS14", "LS14\LS14.csproj", "{8CAE648A-E56C-480B-BA7A-A97CF97A2CF8}"
EndProject
Project("{FAE04EC0-301F-11D3-BF4B-00C04F79EFBC}") = "LS15", "LS15\LS15.csproj", "{75039FCE-ABB6-431D-972A-57ACFB28CD70}"
EndProject
Project("{FAE04EC0-301F-11D3-BF4B-00C04F79EFBC}") = "LS16", "LS16\LS16.csproj", "{7B9CAE63-651E-4C1F-AA88-5BCABC3AEE54}"
EndProject
Project("{FAE04EC0-301F-11D3-BF4B-00C04F79EFBC}") = "LS17", "LS17\LS17.csproj", "{48D1676A-A31D-4FEE-8506-D2DB69CC57C2}"
EndProject
Project("{FAE04EC0-301F-11D3-BF4B-00C04F79EFBC}") = "LS18", "LS18\LS18.csproj", "{06838AD0-4E72-4900-8948-338994D90424}"
EndProject
Project("{FAE04EC0-301F-11D3-BF4B-00C04F79EFBC}") = "LS19", "LS19\LS19.csproj", "{052ADAD6-DAC8-4377-9A54-8AC2814473FF}"
EndProject
Project("{FAE04EC0-301F-11D3-BF4B-00C04F79EFBC}") = "LS20", "LS20\LS20.csproj", "{6CCAD096-87DB-43BB-B2B7-178AB4C81384}"
EndProject
Project("{FAE04EC0-301F-11D3-BF4B-00C04F79EFBC}") = "LS21", "LS21\LS21.csproj", "{6A5224E6-9CD7-4797-A885-16D0B7961709}"
EndProject
Project("{FAE04EC0-301F-11D3-BF4B-00C04F79EFBC}") = "LS22", "LS22\LS22.csproj", "{8CE06FBB-96BB-4B8D-A4C0-9B8232B1C579}"
EndProject
Project("{FAE04EC0-301F-11D3-BF4B-00C04F79EFBC}") = "LS31", "LS23\LS31.csproj", "{0D71AF2F-3724-425E-A2F2-53632987B42E}"
EndProject
Project("{FAE04EC0-301F-11D3-BF4B-00C04F79EFBC}") = "LS32", "LS32\LS32.csproj", "{6B2BE87D-E49F-42FF-8995-BECACC7112F3}"
EndProject
Project("{FAE04EC0-301F-11D3-BF4B-00C04F79EFBC}") = "LS33", "LS33\LS33.csproj", "{63B9C1E5-5BF0-41D4-AC54-3D7DA49CE45F}"
EndProject
Project("{FAE04EC0-301F-11D3-BF4B-00C04F79EFBC}") = "LS34", "LS34\LS34.csproj", "{D5AFB973-13A8-49CC-93FB-612447B9D912}"
EndProject
Project("{FAE04EC0-301F-11D3-BF4B-00C04F79EFBC}") = "LS35", "LS35\LS35.csproj", "{9D3EC23C-EE7B-4C60-9EF8-C6D3CC7592A6}"
EndProject
Project("{FAE04EC0-301F-11D3-BF4B-00C04F79EFBC}") = "LS36", "LS36\LS36.csproj", "{F396F13E-71EB-4C0D-A600-EF91ABC7C11E}"
EndProject
Project("{FAE04EC0-301F-11D3-BF4B-00C04F79EFBC}") = "LS37", "LS37\LS37.csproj", "{1AE2002F-571C-4C9E-84B8-0FDF32C20A21}"
EndProject
Project("{FAE04EC0-301F-11D3-BF4B-00C04F79EFBC}") = "LS38", "LS38\LS38.csproj", "{EC9DF5E1-7E27-4F77-A878-D7717312645F}"
EndProject
Project("{FAE04EC0-301F-11D3-BF4B-00C04F79EFBC}") = "LS39", "LS39\LS39.csproj", "{B7ED30E5-CAA4-49BD-AE84-7535397A7DA8}"
EndProject
Project("{FAE04EC0-301F-11D3-BF4B-00C04F79EFBC}") = "LS40", "LS40\LS40.csproj", "{093DAE0F-9710-4C34-A778-8BCBFA005FA0}"
EndProject
Project("{FAE04EC0-301F-11D3-BF4B-00C04F79EFBC}") = "LS41", "LS41\LS41.csproj", "{33EF7895-BE33-40C0-BF18-9E508ADB9A70}"
EndProject
Project("{FAE04EC0-301F-11D3-BF4B-00C04F79EFBC}") = "LS42", "LS42\LS42.csproj", "{45C1A374-DAD0-43B6-9A93-9A7B38FFB94D}"
EndProject
Project("{FAE04EC0-301F-11D3-BF4B-00C04F79EFBC}") = "LS43", "LS43\LS43.csproj", "{3677DAF7-838D-494C-860E-321BC379E2D2}"
EndProject
Project("{FAE04EC0-301F-11D3-BF4B-00C04F79EFBC}") = "LS44", "LS44\LS44.csproj", "{2A4D1653-E92B-4DBF-86CD-E7499C645403}"
EndProject
Project("{FAE04EC0-301F-11D3-BF4B-00C04F79EFBC}") = "LS45", "LS45\LS45.csproj", "{575BE1A8-8893-4EE5-839C-DDC5932E0384}"
EndProject
Project("{FAE04EC0-301F-11D3-BF4B-00C04F79EFBC}") = "LS46", "LS46\LS46.csproj", "{F80CC2F2-68EF-4D20-B7F3-A704A63284E0}"
EndProject
Project("{FAE04EC0-301F-11D3-BF4B-00C04F79EFBC}") = "LS47", "LS47\LS47.csproj", "{1468796F-6471-4051-80D9-DADDB6FDC1AF}"
EndProject
Project("{FAE04EC0-301F-11D3-BF4B-00C04F79EFBC}") = "LS48", "LS48\LS48.csproj", "{82919430-CA02-45CF-A923-10FDF19477D0}"
EndProject
Project("{FAE04EC0-301F-11D3-BF4B-00C04F79EFBC}") = "LS49", "LS49\LS49.csproj", "{5B643F31-0302-4214-B878-D23CDCB78B24}"
EndProject
Project("{FAE04EC0-301F-11D3-BF4B-00C04F79EFBC}") = "LS50", "LS50\LS50.csproj", "{D5EC3229-2BBC-4DD7-BC3D-A70189689D47}"
EndProject
Project("{FAE04EC0-301F-11D3-BF4B-00C04F79EFBC}") = "LS51", "LS51\LS51.csproj", "{B3FB9AE2-04AA-4D46-8301-3FDC5FE10319}"
EndProject
Project("{FAE04EC0-301F-11D3-BF4B-00C04F79EFBC}") = "LS52", "LS52\LS52.csproj", "{78B7E1AD-F3B1-4923-B7DC-46F8C07DF1EB}"
EndProject
Project("{FAE04EC0-301F-11D3-BF4B-00C04F79EFBC}") = "LS53", "LS53\LS53.csproj", "{684E880E-B5C8-4C8F-BAFB-B32A24A78889}"
EndProject
Project("{FAE04EC0-301F-11D3-BF4B-00C04F79EFBC}") = "LS54", "LS54\LS54.csproj", "{DDA78922-EF71-4E45-8623-A7FDAABD06DE}"
EndProject
Project("{FAE04EC0-301F-11D3-BF4B-00C04F79EFBC}") = "LS55", "LS55\LS55.csproj", "{5F6E4D9C-1593-4BB0-909F-2F7887CD18DB}"
EndProject
Project("{FAE04EC0-301F-11D3-BF4B-00C04F79EFBC}") = "LS56", "LS56\LS56.csproj", "{BD6113D8-5EFB-476F-85C5-C31E066068BA}"
EndProject
Project("{FAE04EC0-301F-11D3-BF4B-00C04F79EFBC}") = "LS57", "LS57\LS57.csproj", "{A4A94CAB-30A3-4E92-8EF8-986F3146494E}"
EndProject
Project("{FAE04EC0-301F-11D3-BF4B-00C04F79EFBC}") = "LS58", "LS58\LS58.csproj", "{C3988270-126D-4194-8120-B5E11E08703F}"
EndProject
Project("{FAE04EC0-301F-11D3-BF4B-00C04F79EFBC}") = "LS59", "LS59\LS59.csproj", "{45906E36-34B6-4DAC-B9CA-058B711FED31}"
EndProject
Project("{FAE04EC0-301F-11D3-BF4B-00C04F79EFBC}") = "LS60", "LS60\LS60.csproj", "{2D8EDC89-F898-4AC5-9652-6AD05776BF44}"
EndProject
Project("{FAE04EC0-301F-11D3-BF4B-00C04F79EFBC}") = "LS61", "LS61\LS61.csproj", "{8730F2B4-A5C6-447D-ADDA-1C0B6C5879A6}"
EndProject
Project("{FAE04EC0-301F-11D3-BF4B-00C04F79EFBC}") = "LS62", "LS62\LS62.csproj", "{4A9D3C90-3F70-41BA-9C1D-7EE3D0F73A1C}"
EndProject
Project("{FAE04EC0-301F-11D3-BF4B-00C04F79EFBC}") = "LS63", "LS63\LS63.csproj", "{BCAE03F9-4120-4943-B428-70FB360199ED}"
EndProject
Project("{FAE04EC0-301F-11D3-BF4B-00C04F79EFBC}") = "LS64", "LS64\LS64.csproj", "{36C2D4B8-A689-4CF6-9FB5-D9A48EDD399A}"
EndProject
Project("{FAE04EC0-301F-11D3-BF4B-00C04F79EFBC}") = "LS65", "LS65\LS65.csproj", "{B084E6AA-7DE4-4669-A675-ED08A56A43B0}"
EndProject
Project("{FAE04EC0-301F-11D3-BF4B-00C04F79EFBC}") = "LS66", "LS66\LS66.csproj", "{2BE0D6ED-13FA-4E93-9653-686D34E2B42D}"
EndProject
Project("{FAE04EC0-301F-11D3-BF4B-00C04F79EFBC}") = "LS67", "LS67\LS67.csproj", "{A5425531-3E60-49C5-ABAE-6BE1BCBA6118}"
EndProject
Project("{FAE04EC0-301F-11D3-BF4B-00C04F79EFBC}") = "LS68", "LS68\LS68.csproj", "{1C10F8A6-238E-4023-A669-E25A94E3C8F7}"
EndProject
Project("{FAE04EC0-301F-11D3-BF4B-00C04F79EFBC}") = "LS69", "LS69\LS69.csproj", "{6ECE49C7-460D-4F7B-9FF6-ACE14620D123}"
EndProject
Project("{FAE04EC0-301F-11D3-BF4B-00C04F79EFBC}") = "LS70", "LS70\LS70.csproj", "{10726869-9980-42B5-BCF4-409E0B3466D7}"
EndProject
Project("{FAE04EC0-301F-11D3-BF4B-00C04F79EFBC}") = "LS71", "LS71\LS71.csproj", "{C299D765-BBCB-44BC-9274-0A11034AA54A}"
EndProject
Project("{FAE04EC0-301F-11D3-BF4B-00C04F79EFBC}") = "LS72", "LS72\LS72.csproj", "{D664B884-8E21-45E9-9F7C-8985EC8BDD2B}"
EndProject
Project("{FAE04EC0-301F-11D3-BF4B-00C04F79EFBC}") = "LS73", "LS73\LS73.csproj", "{6315A681-B5D3-4648-A87A-E4D4CFA4E705}"
EndProject
Project("{FAE04EC0-301F-11D3-BF4B-00C04F79EFBC}") = "LS74", "LS74\LS74.csproj", "{D4E87ABF-636C-4A18-872F-74859039F77B}"
EndProject
Project("{FAE04EC0-301F-11D3-BF4B-00C04F79EFBC}") = "LS75", "LS75\LS75.csproj", "{7D6C798A-05FF-4F4C-BD92-2297916598CA}"
EndProject
Project("{FAE04EC0-301F-11D3-BF4B-00C04F79EFBC}") = "LS76", "LS76\LS76.csproj", "{7A0B43FE-CF5F-4EAB-80A3-82E9BC580C7B}"
EndProject
Project("{FAE04EC0-301F-11D3-BF4B-00C04F79EFBC}") = "LS77", "LS77\LS77.csproj", "{888BEAA6-D8C2-48FE-A207-016BB6C9949D}"
EndProject
Project("{FAE04EC0-301F-11D3-BF4B-00C04F79EFBC}") = "LS78", "LS78\LS78.csproj", "{DFADCDF0-2722-4153-9D5E-77AB4C2B9CBF}"
EndProject
Project("{FAE04EC0-301F-11D3-BF4B-00C04F79EFBC}") = "LS79", "LS79\LS79.csproj", "{4B576F04-4E2B-420E-80CE-35121805AEF1}"
EndProject
Project("{FAE04EC0-301F-11D3-BF4B-00C04F79EFBC}") = "LS80", "LS80\LS80.csproj", "{2D464A21-C8D4-48CB-9FC1-12F3A4CF5D9B}"
EndProject
Project("{FAE04EC0-301F-11D3-BF4B-00C04F79EFBC}") = "LS81", "LS81\LS81.csproj", "{830C25BD-0B7B-4662-9259-7D4711726D47}"
EndProject
Project("{FAE04EC0-301F-11D3-BF4B-00C04F79EFBC}") = "LS82", "LS82\LS82.csproj", "{A781C6A4-5D68-4DC2-8C01-9F125D65B3D9}"
EndProject
Project("{FAE04EC0-301F-11D3-BF4B-00C04F79EFBC}") = "LS83", "LS83\LS83.csproj", "{A7E6C843-8C15-41CC-A544-2A560678C8B5}"
EndProject
Project("{FAE04EC0-301F-11D3-BF4B-00C04F79EFBC}") = "LS84", "LS84\LS84.csproj", "{30FFBB8F-DFDE-4AD0-8927-0FFE64F9EB8E}"
EndProject
Project("{FAE04EC0-301F-11D3-BF4B-00C04F79EFBC}") = "LS85", "LS85\LS85.csproj", "{BF1F77C5-57EF-424E-81E0-484D2745C1D7}"
EndProject
Project("{FAE04EC0-301F-11D3-BF4B-00C04F79EFBC}") = "LS86", "LS86\LS86.csproj", "{2FD88951-4853-4DD1-892F-46CC91EDFD7C}"
EndProject
Project("{FAE04EC0-301F-11D3-BF4B-00C04F79EFBC}") = "LS87", "LS87\LS87.csproj", "{7C7B5622-375D-4C45-B5F9-73192D7B206D}"
EndProject
Project("{FAE04EC0-301F-11D3-BF4B-00C04F79EFBC}") = "LS88", "LS88\LS88.csproj", "{3401EBAB-09AE-43A3-BE98-E4EC17C40365}"
EndProject
Project("{FAE04EC0-301F-11D3-BF4B-00C04F79EFBC}") = "LS89", "LS89\LS89.csproj", "{17A1EBAF-0CF1-4519-AA1C-AEA3A627618E}"
EndProject
Project("{FAE04EC0-301F-11D3-BF4B-00C04F79EFBC}") = "LS90", "LS90\LS90.csproj", "{67060ED5-7C13-4C0A-9C69-CF12005C8BB7}"
EndProject
Global
	GlobalSection(SolutionConfigurationPlatforms) = preSolution
		Debug|Any CPU = Debug|Any CPU
		Release|Any CPU = Release|Any CPU
	EndGlobalSection
	GlobalSection(ProjectConfigurationPlatforms) = postSolution
		{C00D447A-A673-4DC1-BF67-DDC0C32F6C6A}.Debug|Any CPU.ActiveCfg = Debug|Any CPU
		{C00D447A-A673-4DC1-BF67-DDC0C32F6C6A}.Debug|Any CPU.Build.0 = Debug|Any CPU
		{C00D447A-A673-4DC1-BF67-DDC0C32F6C6A}.Release|Any CPU.ActiveCfg = Release|Any CPU
		{C00D447A-A673-4DC1-BF67-DDC0C32F6C6A}.Release|Any CPU.Build.0 = Release|Any CPU
		{2358F33D-6928-48B0-AEDB-8186F4A29C42}.Debug|Any CPU.ActiveCfg = Debug|Any CPU
		{2358F33D-6928-48B0-AEDB-8186F4A29C42}.Debug|Any CPU.Build.0 = Debug|Any CPU
		{2358F33D-6928-48B0-AEDB-8186F4A29C42}.Release|Any CPU.ActiveCfg = Release|Any CPU
		{2358F33D-6928-48B0-AEDB-8186F4A29C42}.Release|Any CPU.Build.0 = Release|Any CPU
		{9AAC2FE6-A13D-485E-8965-53B988F999BB}.Debug|Any CPU.ActiveCfg = Debug|Any CPU
		{9AAC2FE6-A13D-485E-8965-53B988F999BB}.Debug|Any CPU.Build.0 = Debug|Any CPU
		{9AAC2FE6-A13D-485E-8965-53B988F999BB}.Release|Any CPU.ActiveCfg = Release|Any CPU
		{9AAC2FE6-A13D-485E-8965-53B988F999BB}.Release|Any CPU.Build.0 = Release|Any CPU
		{5B2C48F2-8CDD-445D-9F6D-B7BAF2E081DF}.Debug|Any CPU.ActiveCfg = Debug|Any CPU
		{5B2C48F2-8CDD-445D-9F6D-B7BAF2E081DF}.Debug|Any CPU.Build.0 = Debug|Any CPU
		{5B2C48F2-8CDD-445D-9F6D-B7BAF2E081DF}.Release|Any CPU.ActiveCfg = Release|Any CPU
		{5B2C48F2-8CDD-445D-9F6D-B7BAF2E081DF}.Release|Any CPU.Build.0 = Release|Any CPU
		{5865267A-F6D7-456C-BC8B-2AD6D3387FB9}.Debug|Any CPU.ActiveCfg = Debug|Any CPU
		{5865267A-F6D7-456C-BC8B-2AD6D3387FB9}.Debug|Any CPU.Build.0 = Debug|Any CPU
		{5865267A-F6D7-456C-BC8B-2AD6D3387FB9}.Release|Any CPU.ActiveCfg = Release|Any CPU
		{5865267A-F6D7-456C-BC8B-2AD6D3387FB9}.Release|Any CPU.Build.0 = Release|Any CPU
		{460355AC-349A-4025-9BA3-6187CF08DC5B}.Debug|Any CPU.ActiveCfg = Debug|Any CPU
		{460355AC-349A-4025-9BA3-6187CF08DC5B}.Debug|Any CPU.Build.0 = Debug|Any CPU
		{460355AC-349A-4025-9BA3-6187CF08DC5B}.Release|Any CPU.ActiveCfg = Release|Any CPU
		{460355AC-349A-4025-9BA3-6187CF08DC5B}.Release|Any CPU.Build.0 = Release|Any CPU
		{3971240A-6631-465B-A975-ACAD99712BD1}.Debug|Any CPU.ActiveCfg = Debug|Any CPU
		{3971240A-6631-465B-A975-ACAD99712BD1}.Debug|Any CPU.Build.0 = Debug|Any CPU
		{3971240A-6631-465B-A975-ACAD99712BD1}.Release|Any CPU.ActiveCfg = Release|Any CPU
		{3971240A-6631-465B-A975-ACAD99712BD1}.Release|Any CPU.Build.0 = Release|Any CPU
		{AB8D4EAF-A656-4977-8AFE-E9482B3FB77B}.Debug|Any CPU.ActiveCfg = Debug|Any CPU
		{AB8D4EAF-A656-4977-8AFE-E9482B3FB77B}.Debug|Any CPU.Build.0 = Debug|Any CPU
		{AB8D4EAF-A656-4977-8AFE-E9482B3FB77B}.Release|Any CPU.ActiveCfg = Release|Any CPU
		{AB8D4EAF-A656-4977-8AFE-E9482B3FB77B}.Release|Any CPU.Build.0 = Release|Any CPU
		{C4FD5F0E-2CC3-4BEF-A6E4-0E572CB5B348}.Debug|Any CPU.ActiveCfg = Debug|Any CPU
		{C4FD5F0E-2CC3-4BEF-A6E4-0E572CB5B348}.Debug|Any CPU.Build.0 = Debug|Any CPU
		{C4FD5F0E-2CC3-4BEF-A6E4-0E572CB5B348}.Release|Any CPU.ActiveCfg = Release|Any CPU
		{C4FD5F0E-2CC3-4BEF-A6E4-0E572CB5B348}.Release|Any CPU.Build.0 = Release|Any CPU
		{0B418ED7-9F6B-4F6B-A0E7-217D3D17E3AA}.Debug|Any CPU.ActiveCfg = Debug|Any CPU
		{0B418ED7-9F6B-4F6B-A0E7-217D3D17E3AA}.Debug|Any CPU.Build.0 = Debug|Any CPU
		{0B418ED7-9F6B-4F6B-A0E7-217D3D17E3AA}.Release|Any CPU.ActiveCfg = Release|Any CPU
		{0B418ED7-9F6B-4F6B-A0E7-217D3D17E3AA}.Release|Any CPU.Build.0 = Release|Any CPU
		{ACA55D31-E02A-4F14-AA4A-06AFB91188F8}.Debug|Any CPU.ActiveCfg = Debug|Any CPU
		{ACA55D31-E02A-4F14-AA4A-06AFB91188F8}.Debug|Any CPU.Build.0 = Debug|Any CPU
		{ACA55D31-E02A-4F14-AA4A-06AFB91188F8}.Release|Any CPU.ActiveCfg = Release|Any CPU
		{ACA55D31-E02A-4F14-AA4A-06AFB91188F8}.Release|Any CPU.Build.0 = Release|Any CPU
		{89C2F539-FEB9-4B67-9765-6870024BB2E8}.Debug|Any CPU.ActiveCfg = Debug|Any CPU
		{89C2F539-FEB9-4B67-9765-6870024BB2E8}.Debug|Any CPU.Build.0 = Debug|Any CPU
		{89C2F539-FEB9-4B67-9765-6870024BB2E8}.Release|Any CPU.ActiveCfg = Release|Any CPU
		{89C2F539-FEB9-4B67-9765-6870024BB2E8}.Release|Any CPU.Build.0 = Release|Any CPU
		{4C4DA280-4599-4061-97B0-445F571068BB}.Debug|Any CPU.ActiveCfg = Debug|Any CPU
		{4C4DA280-4599-4061-97B0-445F571068BB}.Debug|Any CPU.Build.0 = Debug|Any CPU
		{4C4DA280-4599-4061-97B0-445F571068BB}.Release|Any CPU.ActiveCfg = Release|Any CPU
		{4C4DA280-4599-4061-97B0-445F571068BB}.Release|Any CPU.Build.0 = Release|Any CPU
		{8CAE648A-E56C-480B-BA7A-A97CF97A2CF8}.Debug|Any CPU.ActiveCfg = Debug|Any CPU
		{8CAE648A-E56C-480B-BA7A-A97CF97A2CF8}.Debug|Any CPU.Build.0 = Debug|Any CPU
		{8CAE648A-E56C-480B-BA7A-A97CF97A2CF8}.Release|Any CPU.ActiveCfg = Release|Any CPU
		{8CAE648A-E56C-480B-BA7A-A97CF97A2CF8}.Release|Any CPU.Build.0 = Release|Any CPU
		{75039FCE-ABB6-431D-972A-57ACFB28CD70}.Debug|Any CPU.ActiveCfg = Debug|Any CPU
		{75039FCE-ABB6-431D-972A-57ACFB28CD70}.Debug|Any CPU.Build.0 = Debug|Any CPU
		{75039FCE-ABB6-431D-972A-57ACFB28CD70}.Release|Any CPU.ActiveCfg = Release|Any CPU
		{75039FCE-ABB6-431D-972A-57ACFB28CD70}.Release|Any CPU.Build.0 = Release|Any CPU
		{7B9CAE63-651E-4C1F-AA88-5BCABC3AEE54}.Debug|Any CPU.ActiveCfg = Debug|Any CPU
		{7B9CAE63-651E-4C1F-AA88-5BCABC3AEE54}.Debug|Any CPU.Build.0 = Debug|Any CPU
		{7B9CAE63-651E-4C1F-AA88-5BCABC3AEE54}.Release|Any CPU.ActiveCfg = Release|Any CPU
		{7B9CAE63-651E-4C1F-AA88-5BCABC3AEE54}.Release|Any CPU.Build.0 = Release|Any CPU
		{48D1676A-A31D-4FEE-8506-D2DB69CC57C2}.Debug|Any CPU.ActiveCfg = Debug|Any CPU
		{48D1676A-A31D-4FEE-8506-D2DB69CC57C2}.Debug|Any CPU.Build.0 = Debug|Any CPU
		{48D1676A-A31D-4FEE-8506-D2DB69CC57C2}.Release|Any CPU.ActiveCfg = Release|Any CPU
		{48D1676A-A31D-4FEE-8506-D2DB69CC57C2}.Release|Any CPU.Build.0 = Release|Any CPU
		{06838AD0-4E72-4900-8948-338994D90424}.Debug|Any CPU.ActiveCfg = Debug|Any CPU
		{06838AD0-4E72-4900-8948-338994D90424}.Debug|Any CPU.Build.0 = Debug|Any CPU
		{06838AD0-4E72-4900-8948-338994D90424}.Release|Any CPU.ActiveCfg = Release|Any CPU
		{06838AD0-4E72-4900-8948-338994D90424}.Release|Any CPU.Build.0 = Release|Any CPU
		{052ADAD6-DAC8-4377-9A54-8AC2814473FF}.Debug|Any CPU.ActiveCfg = Debug|Any CPU
		{052ADAD6-DAC8-4377-9A54-8AC2814473FF}.Debug|Any CPU.Build.0 = Debug|Any CPU
		{052ADAD6-DAC8-4377-9A54-8AC2814473FF}.Release|Any CPU.ActiveCfg = Release|Any CPU
		{052ADAD6-DAC8-4377-9A54-8AC2814473FF}.Release|Any CPU.Build.0 = Release|Any CPU
		{6CCAD096-87DB-43BB-B2B7-178AB4C81384}.Debug|Any CPU.ActiveCfg = Debug|Any CPU
		{6CCAD096-87DB-43BB-B2B7-178AB4C81384}.Debug|Any CPU.Build.0 = Debug|Any CPU
		{6CCAD096-87DB-43BB-B2B7-178AB4C81384}.Release|Any CPU.ActiveCfg = Release|Any CPU
		{6CCAD096-87DB-43BB-B2B7-178AB4C81384}.Release|Any CPU.Build.0 = Release|Any CPU
		{6A5224E6-9CD7-4797-A885-16D0B7961709}.Debug|Any CPU.ActiveCfg = Debug|Any CPU
		{6A5224E6-9CD7-4797-A885-16D0B7961709}.Debug|Any CPU.Build.0 = Debug|Any CPU
		{6A5224E6-9CD7-4797-A885-16D0B7961709}.Release|Any CPU.ActiveCfg = Release|Any CPU
		{6A5224E6-9CD7-4797-A885-16D0B7961709}.Release|Any CPU.Build.0 = Release|Any CPU
		{8CE06FBB-96BB-4B8D-A4C0-9B8232B1C579}.Debug|Any CPU.ActiveCfg = Debug|Any CPU
		{8CE06FBB-96BB-4B8D-A4C0-9B8232B1C579}.Debug|Any CPU.Build.0 = Debug|Any CPU
		{8CE06FBB-96BB-4B8D-A4C0-9B8232B1C579}.Release|Any CPU.ActiveCfg = Release|Any CPU
		{8CE06FBB-96BB-4B8D-A4C0-9B8232B1C579}.Release|Any CPU.Build.0 = Release|Any CPU
		{0D71AF2F-3724-425E-A2F2-53632987B42E}.Debug|Any CPU.ActiveCfg = Debug|Any CPU
		{0D71AF2F-3724-425E-A2F2-53632987B42E}.Debug|Any CPU.Build.0 = Debug|Any CPU
		{0D71AF2F-3724-425E-A2F2-53632987B42E}.Release|Any CPU.ActiveCfg = Release|Any CPU
		{0D71AF2F-3724-425E-A2F2-53632987B42E}.Release|Any CPU.Build.0 = Release|Any CPU
		{6B2BE87D-E49F-42FF-8995-BECACC7112F3}.Debug|Any CPU.ActiveCfg = Debug|Any CPU
		{6B2BE87D-E49F-42FF-8995-BECACC7112F3}.Debug|Any CPU.Build.0 = Debug|Any CPU
		{6B2BE87D-E49F-42FF-8995-BECACC7112F3}.Release|Any CPU.ActiveCfg = Release|Any CPU
		{6B2BE87D-E49F-42FF-8995-BECACC7112F3}.Release|Any CPU.Build.0 = Release|Any CPU
		{63B9C1E5-5BF0-41D4-AC54-3D7DA49CE45F}.Debug|Any CPU.ActiveCfg = Debug|Any CPU
		{63B9C1E5-5BF0-41D4-AC54-3D7DA49CE45F}.Debug|Any CPU.Build.0 = Debug|Any CPU
		{63B9C1E5-5BF0-41D4-AC54-3D7DA49CE45F}.Release|Any CPU.ActiveCfg = Release|Any CPU
		{63B9C1E5-5BF0-41D4-AC54-3D7DA49CE45F}.Release|Any CPU.Build.0 = Release|Any CPU
		{D5AFB973-13A8-49CC-93FB-612447B9D912}.Debug|Any CPU.ActiveCfg = Debug|Any CPU
		{D5AFB973-13A8-49CC-93FB-612447B9D912}.Debug|Any CPU.Build.0 = Debug|Any CPU
		{D5AFB973-13A8-49CC-93FB-612447B9D912}.Release|Any CPU.ActiveCfg = Release|Any CPU
		{D5AFB973-13A8-49CC-93FB-612447B9D912}.Release|Any CPU.Build.0 = Release|Any CPU
		{9D3EC23C-EE7B-4C60-9EF8-C6D3CC7592A6}.Debug|Any CPU.ActiveCfg = Debug|Any CPU
		{9D3EC23C-EE7B-4C60-9EF8-C6D3CC7592A6}.Debug|Any CPU.Build.0 = Debug|Any CPU
		{9D3EC23C-EE7B-4C60-9EF8-C6D3CC7592A6}.Release|Any CPU.ActiveCfg = Release|Any CPU
		{9D3EC23C-EE7B-4C60-9EF8-C6D3CC7592A6}.Release|Any CPU.Build.0 = Release|Any CPU
		{F396F13E-71EB-4C0D-A600-EF91ABC7C11E}.Debug|Any CPU.ActiveCfg = Debug|Any CPU
		{F396F13E-71EB-4C0D-A600-EF91ABC7C11E}.Debug|Any CPU.Build.0 = Debug|Any CPU
		{F396F13E-71EB-4C0D-A600-EF91ABC7C11E}.Release|Any CPU.ActiveCfg = Release|Any CPU
		{F396F13E-71EB-4C0D-A600-EF91ABC7C11E}.Release|Any CPU.Build.0 = Release|Any CPU
		{1AE2002F-571C-4C9E-84B8-0FDF32C20A21}.Debug|Any CPU.ActiveCfg = Debug|Any CPU
		{1AE2002F-571C-4C9E-84B8-0FDF32C20A21}.Debug|Any CPU.Build.0 = Debug|Any CPU
		{1AE2002F-571C-4C9E-84B8-0FDF32C20A21}.Release|Any CPU.ActiveCfg = Release|Any CPU
		{1AE2002F-571C-4C9E-84B8-0FDF32C20A21}.Release|Any CPU.Build.0 = Release|Any CPU
		{EC9DF5E1-7E27-4F77-A878-D7717312645F}.Debug|Any CPU.ActiveCfg = Debug|Any CPU
		{EC9DF5E1-7E27-4F77-A878-D7717312645F}.Debug|Any CPU.Build.0 = Debug|Any CPU
		{EC9DF5E1-7E27-4F77-A878-D7717312645F}.Release|Any CPU.ActiveCfg = Release|Any CPU
		{EC9DF5E1-7E27-4F77-A878-D7717312645F}.Release|Any CPU.Build.0 = Release|Any CPU
		{B7ED30E5-CAA4-49BD-AE84-7535397A7DA8}.Debug|Any CPU.ActiveCfg = Debug|Any CPU
		{B7ED30E5-CAA4-49BD-AE84-7535397A7DA8}.Debug|Any CPU.Build.0 = Debug|Any CPU
		{B7ED30E5-CAA4-49BD-AE84-7535397A7DA8}.Release|Any CPU.ActiveCfg = Release|Any CPU
		{B7ED30E5-CAA4-49BD-AE84-7535397A7DA8}.Release|Any CPU.Build.0 = Release|Any CPU
		{093DAE0F-9710-4C34-A778-8BCBFA005FA0}.Debug|Any CPU.ActiveCfg = Debug|Any CPU
		{093DAE0F-9710-4C34-A778-8BCBFA005FA0}.Debug|Any CPU.Build.0 = Debug|Any CPU
		{093DAE0F-9710-4C34-A778-8BCBFA005FA0}.Release|Any CPU.ActiveCfg = Release|Any CPU
		{093DAE0F-9710-4C34-A778-8BCBFA005FA0}.Release|Any CPU.Build.0 = Release|Any CPU
		{33EF7895-BE33-40C0-BF18-9E508ADB9A70}.Debug|Any CPU.ActiveCfg = Debug|Any CPU
		{33EF7895-BE33-40C0-BF18-9E508ADB9A70}.Debug|Any CPU.Build.0 = Debug|Any CPU
		{33EF7895-BE33-40C0-BF18-9E508ADB9A70}.Release|Any CPU.ActiveCfg = Release|Any CPU
		{33EF7895-BE33-40C0-BF18-9E508ADB9A70}.Release|Any CPU.Build.0 = Release|Any CPU
		{45C1A374-DAD0-43B6-9A93-9A7B38FFB94D}.Debug|Any CPU.ActiveCfg = Debug|Any CPU
		{45C1A374-DAD0-43B6-9A93-9A7B38FFB94D}.Debug|Any CPU.Build.0 = Debug|Any CPU
		{45C1A374-DAD0-43B6-9A93-9A7B38FFB94D}.Release|Any CPU.ActiveCfg = Release|Any CPU
		{45C1A374-DAD0-43B6-9A93-9A7B38FFB94D}.Release|Any CPU.Build.0 = Release|Any CPU
		{3677DAF7-838D-494C-860E-321BC379E2D2}.Debug|Any CPU.ActiveCfg = Debug|Any CPU
		{3677DAF7-838D-494C-860E-321BC379E2D2}.Debug|Any CPU.Build.0 = Debug|Any CPU
		{3677DAF7-838D-494C-860E-321BC379E2D2}.Release|Any CPU.ActiveCfg = Release|Any CPU
		{3677DAF7-838D-494C-860E-321BC379E2D2}.Release|Any CPU.Build.0 = Release|Any CPU
		{2A4D1653-E92B-4DBF-86CD-E7499C645403}.Debug|Any CPU.ActiveCfg = Debug|Any CPU
		{2A4D1653-E92B-4DBF-86CD-E7499C645403}.Debug|Any CPU.Build.0 = Debug|Any CPU
		{2A4D1653-E92B-4DBF-86CD-E7499C645403}.Release|Any CPU.ActiveCfg = Release|Any CPU
		{2A4D1653-E92B-4DBF-86CD-E7499C645403}.Release|Any CPU.Build.0 = Release|Any CPU
		{575BE1A8-8893-4EE5-839C-DDC5932E0384}.Debug|Any CPU.ActiveCfg = Debug|Any CPU
		{575BE1A8-8893-4EE5-839C-DDC5932E0384}.Debug|Any CPU.Build.0 = Debug|Any CPU
		{575BE1A8-8893-4EE5-839C-DDC5932E0384}.Release|Any CPU.ActiveCfg = Release|Any CPU
		{575BE1A8-8893-4EE5-839C-DDC5932E0384}.Release|Any CPU.Build.0 = Release|Any CPU
		{F80CC2F2-68EF-4D20-B7F3-A704A63284E0}.Debug|Any CPU.ActiveCfg = Debug|Any CPU
		{F80CC2F2-68EF-4D20-B7F3-A704A63284E0}.Debug|Any CPU.Build.0 = Debug|Any CPU
		{F80CC2F2-68EF-4D20-B7F3-A704A63284E0}.Release|Any CPU.ActiveCfg = Release|Any CPU
		{F80CC2F2-68EF-4D20-B7F3-A704A63284E0}.Release|Any CPU.Build.0 = Release|Any CPU
		{1468796F-6471-4051-80D9-DADDB6FDC1AF}.Debug|Any CPU.ActiveCfg = Debug|Any CPU
		{1468796F-6471-4051-80D9-DADDB6FDC1AF}.Debug|Any CPU.Build.0 = Debug|Any CPU
		{1468796F-6471-4051-80D9-DADDB6FDC1AF}.Release|Any CPU.ActiveCfg = Release|Any CPU
		{1468796F-6471-4051-80D9-DADDB6FDC1AF}.Release|Any CPU.Build.0 = Release|Any CPU
		{82919430-CA02-45CF-A923-10FDF19477D0}.Debug|Any CPU.ActiveCfg = Debug|Any CPU
		{82919430-CA02-45CF-A923-10FDF19477D0}.Debug|Any CPU.Build.0 = Debug|Any CPU
		{82919430-CA02-45CF-A923-10FDF19477D0}.Release|Any CPU.ActiveCfg = Release|Any CPU
		{82919430-CA02-45CF-A923-10FDF19477D0}.Release|Any CPU.Build.0 = Release|Any CPU
		{5B643F31-0302-4214-B878-D23CDCB78B24}.Debug|Any CPU.ActiveCfg = Debug|Any CPU
		{5B643F31-0302-4214-B878-D23CDCB78B24}.Debug|Any CPU.Build.0 = Debug|Any CPU
		{5B643F31-0302-4214-B878-D23CDCB78B24}.Release|Any CPU.ActiveCfg = Release|Any CPU
		{5B643F31-0302-4214-B878-D23CDCB78B24}.Release|Any CPU.Build.0 = Release|Any CPU
		{D5EC3229-2BBC-4DD7-BC3D-A70189689D47}.Debug|Any CPU.ActiveCfg = Debug|Any CPU
		{D5EC3229-2BBC-4DD7-BC3D-A70189689D47}.Debug|Any CPU.Build.0 = Debug|Any CPU
		{D5EC3229-2BBC-4DD7-BC3D-A70189689D47}.Release|Any CPU.ActiveCfg = Release|Any CPU
		{D5EC3229-2BBC-4DD7-BC3D-A70189689D47}.Release|Any CPU.Build.0 = Release|Any CPU
		{B3FB9AE2-04AA-4D46-8301-3FDC5FE10319}.Debug|Any CPU.ActiveCfg = Debug|Any CPU
		{B3FB9AE2-04AA-4D46-8301-3FDC5FE10319}.Debug|Any CPU.Build.0 = Debug|Any CPU
		{B3FB9AE2-04AA-4D46-8301-3FDC5FE10319}.Release|Any CPU.ActiveCfg = Release|Any CPU
		{B3FB9AE2-04AA-4D46-8301-3FDC5FE10319}.Release|Any CPU.Build.0 = Release|Any CPU
		{78B7E1AD-F3B1-4923-B7DC-46F8C07DF1EB}.Debug|Any CPU.ActiveCfg = Debug|Any CPU
		{78B7E1AD-F3B1-4923-B7DC-46F8C07DF1EB}.Debug|Any CPU.Build.0 = Debug|Any CPU
		{78B7E1AD-F3B1-4923-B7DC-46F8C07DF1EB}.Release|Any CPU.ActiveCfg = Release|Any CPU
		{78B7E1AD-F3B1-4923-B7DC-46F8C07DF1EB}.Release|Any CPU.Build.0 = Release|Any CPU
		{684E880E-B5C8-4C8F-BAFB-B32A24A78889}.Debug|Any CPU.ActiveCfg = Debug|Any CPU
		{684E880E-B5C8-4C8F-BAFB-B32A24A78889}.Debug|Any CPU.Build.0 = Debug|Any CPU
		{684E880E-B5C8-4C8F-BAFB-B32A24A78889}.Release|Any CPU.ActiveCfg = Release|Any CPU
		{684E880E-B5C8-4C8F-BAFB-B32A24A78889}.Release|Any CPU.Build.0 = Release|Any CPU
		{DDA78922-EF71-4E45-8623-A7FDAABD06DE}.Debug|Any CPU.ActiveCfg = Debug|Any CPU
		{DDA78922-EF71-4E45-8623-A7FDAABD06DE}.Debug|Any CPU.Build.0 = Debug|Any CPU
		{DDA78922-EF71-4E45-8623-A7FDAABD06DE}.Release|Any CPU.ActiveCfg = Release|Any CPU
		{DDA78922-EF71-4E45-8623-A7FDAABD06DE}.Release|Any CPU.Build.0 = Release|Any CPU
		{5F6E4D9C-1593-4BB0-909F-2F7887CD18DB}.Debug|Any CPU.ActiveCfg = Debug|Any CPU
		{5F6E4D9C-1593-4BB0-909F-2F7887CD18DB}.Debug|Any CPU.Build.0 = Debug|Any CPU
		{5F6E4D9C-1593-4BB0-909F-2F7887CD18DB}.Release|Any CPU.ActiveCfg = Release|Any CPU
		{5F6E4D9C-1593-4BB0-909F-2F7887CD18DB}.Release|Any CPU.Build.0 = Release|Any CPU
		{BD6113D8-5EFB-476F-85C5-C31E066068BA}.Debug|Any CPU.ActiveCfg = Debug|Any CPU
		{BD6113D8-5EFB-476F-85C5-C31E066068BA}.Debug|Any CPU.Build.0 = Debug|Any CPU
		{BD6113D8-5EFB-476F-85C5-C31E066068BA}.Release|Any CPU.ActiveCfg = Release|Any CPU
		{BD6113D8-5EFB-476F-85C5-C31E066068BA}.Release|Any CPU.Build.0 = Release|Any CPU
		{A4A94CAB-30A3-4E92-8EF8-986F3146494E}.Debug|Any CPU.ActiveCfg = Debug|Any CPU
		{A4A94CAB-30A3-4E92-8EF8-986F3146494E}.Debug|Any CPU.Build.0 = Debug|Any CPU
		{A4A94CAB-30A3-4E92-8EF8-986F3146494E}.Release|Any CPU.ActiveCfg = Release|Any CPU
		{A4A94CAB-30A3-4E92-8EF8-986F3146494E}.Release|Any CPU.Build.0 = Release|Any CPU
		{C3988270-126D-4194-8120-B5E11E08703F}.Debug|Any CPU.ActiveCfg = Debug|Any CPU
		{C3988270-126D-4194-8120-B5E11E08703F}.Debug|Any CPU.Build.0 = Debug|Any CPU
		{C3988270-126D-4194-8120-B5E11E08703F}.Release|Any CPU.ActiveCfg = Release|Any CPU
		{C3988270-126D-4194-8120-B5E11E08703F}.Release|Any CPU.Build.0 = Release|Any CPU
		{45906E36-34B6-4DAC-B9CA-058B711FED31}.Debug|Any CPU.ActiveCfg = Debug|Any CPU
		{45906E36-34B6-4DAC-B9CA-058B711FED31}.Debug|Any CPU.Build.0 = Debug|Any CPU
		{45906E36-34B6-4DAC-B9CA-058B711FED31}.Release|Any CPU.ActiveCfg = Release|Any CPU
		{45906E36-34B6-4DAC-B9CA-058B711FED31}.Release|Any CPU.Build.0 = Release|Any CPU
		{2D8EDC89-F898-4AC5-9652-6AD05776BF44}.Debug|Any CPU.ActiveCfg = Debug|Any CPU
		{2D8EDC89-F898-4AC5-9652-6AD05776BF44}.Debug|Any CPU.Build.0 = Debug|Any CPU
		{2D8EDC89-F898-4AC5-9652-6AD05776BF44}.Release|Any CPU.ActiveCfg = Release|Any CPU
		{2D8EDC89-F898-4AC5-9652-6AD05776BF44}.Release|Any CPU.Build.0 = Release|Any CPU
		{8730F2B4-A5C6-447D-ADDA-1C0B6C5879A6}.Debug|Any CPU.ActiveCfg = Debug|Any CPU
		{8730F2B4-A5C6-447D-ADDA-1C0B6C5879A6}.Debug|Any CPU.Build.0 = Debug|Any CPU
		{8730F2B4-A5C6-447D-ADDA-1C0B6C5879A6}.Release|Any CPU.ActiveCfg = Release|Any CPU
		{8730F2B4-A5C6-447D-ADDA-1C0B6C5879A6}.Release|Any CPU.Build.0 = Release|Any CPU
		{4A9D3C90-3F70-41BA-9C1D-7EE3D0F73A1C}.Debug|Any CPU.ActiveCfg = Debug|Any CPU
		{4A9D3C90-3F70-41BA-9C1D-7EE3D0F73A1C}.Debug|Any CPU.Build.0 = Debug|Any CPU
		{4A9D3C90-3F70-41BA-9C1D-7EE3D0F73A1C}.Release|Any CPU.ActiveCfg = Release|Any CPU
		{4A9D3C90-3F70-41BA-9C1D-7EE3D0F73A1C}.Release|Any CPU.Build.0 = Release|Any CPU
		{BCAE03F9-4120-4943-B428-70FB360199ED}.Debug|Any CPU.ActiveCfg = Debug|Any CPU
		{BCAE03F9-4120-4943-B428-70FB360199ED}.Debug|Any CPU.Build.0 = Debug|Any CPU
		{BCAE03F9-4120-4943-B428-70FB360199ED}.Release|Any CPU.ActiveCfg = Release|Any CPU
		{BCAE03F9-4120-4943-B428-70FB360199ED}.Release|Any CPU.Build.0 = Release|Any CPU
		{36C2D4B8-A689-4CF6-9FB5-D9A48EDD399A}.Debug|Any CPU.ActiveCfg = Debug|Any CPU
		{36C2D4B8-A689-4CF6-9FB5-D9A48EDD399A}.Debug|Any CPU.Build.0 = Debug|Any CPU
		{36C2D4B8-A689-4CF6-9FB5-D9A48EDD399A}.Release|Any CPU.ActiveCfg = Release|Any CPU
		{36C2D4B8-A689-4CF6-9FB5-D9A48EDD399A}.Release|Any CPU.Build.0 = Release|Any CPU
		{B084E6AA-7DE4-4669-A675-ED08A56A43B0}.Debug|Any CPU.ActiveCfg = Debug|Any CPU
		{B084E6AA-7DE4-4669-A675-ED08A56A43B0}.Debug|Any CPU.Build.0 = Debug|Any CPU
		{B084E6AA-7DE4-4669-A675-ED08A56A43B0}.Release|Any CPU.ActiveCfg = Release|Any CPU
		{B084E6AA-7DE4-4669-A675-ED08A56A43B0}.Release|Any CPU.Build.0 = Release|Any CPU
		{2BE0D6ED-13FA-4E93-9653-686D34E2B42D}.Debug|Any CPU.ActiveCfg = Debug|Any CPU
		{2BE0D6ED-13FA-4E93-9653-686D34E2B42D}.Debug|Any CPU.Build.0 = Debug|Any CPU
		{2BE0D6ED-13FA-4E93-9653-686D34E2B42D}.Release|Any CPU.ActiveCfg = Release|Any CPU
		{2BE0D6ED-13FA-4E93-9653-686D34E2B42D}.Release|Any CPU.Build.0 = Release|Any CPU
		{A5425531-3E60-49C5-ABAE-6BE1BCBA6118}.Debug|Any CPU.ActiveCfg = Debug|Any CPU
		{A5425531-3E60-49C5-ABAE-6BE1BCBA6118}.Debug|Any CPU.Build.0 = Debug|Any CPU
		{A5425531-3E60-49C5-ABAE-6BE1BCBA6118}.Release|Any CPU.ActiveCfg = Release|Any CPU
		{A5425531-3E60-49C5-ABAE-6BE1BCBA6118}.Release|Any CPU.Build.0 = Release|Any CPU
		{1C10F8A6-238E-4023-A669-E25A94E3C8F7}.Debug|Any CPU.ActiveCfg = Debug|Any CPU
		{1C10F8A6-238E-4023-A669-E25A94E3C8F7}.Debug|Any CPU.Build.0 = Debug|Any CPU
		{1C10F8A6-238E-4023-A669-E25A94E3C8F7}.Release|Any CPU.ActiveCfg = Release|Any CPU
		{1C10F8A6-238E-4023-A669-E25A94E3C8F7}.Release|Any CPU.Build.0 = Release|Any CPU
		{6ECE49C7-460D-4F7B-9FF6-ACE14620D123}.Debug|Any CPU.ActiveCfg = Debug|Any CPU
		{6ECE49C7-460D-4F7B-9FF6-ACE14620D123}.Debug|Any CPU.Build.0 = Debug|Any CPU
		{6ECE49C7-460D-4F7B-9FF6-ACE14620D123}.Release|Any CPU.ActiveCfg = Release|Any CPU
		{6ECE49C7-460D-4F7B-9FF6-ACE14620D123}.Release|Any CPU.Build.0 = Release|Any CPU
		{10726869-9980-42B5-BCF4-409E0B3466D7}.Debug|Any CPU.ActiveCfg = Debug|Any CPU
		{10726869-9980-42B5-BCF4-409E0B3466D7}.Debug|Any CPU.Build.0 = Debug|Any CPU
		{10726869-9980-42B5-BCF4-409E0B3466D7}.Release|Any CPU.ActiveCfg = Release|Any CPU
		{10726869-9980-42B5-BCF4-409E0B3466D7}.Release|Any CPU.Build.0 = Release|Any CPU
		{C299D765-BBCB-44BC-9274-0A11034AA54A}.Debug|Any CPU.ActiveCfg = Debug|Any CPU
		{C299D765-BBCB-44BC-9274-0A11034AA54A}.Debug|Any CPU.Build.0 = Debug|Any CPU
		{C299D765-BBCB-44BC-9274-0A11034AA54A}.Release|Any CPU.ActiveCfg = Release|Any CPU
		{C299D765-BBCB-44BC-9274-0A11034AA54A}.Release|Any CPU.Build.0 = Release|Any CPU
		{D664B884-8E21-45E9-9F7C-8985EC8BDD2B}.Debug|Any CPU.ActiveCfg = Debug|Any CPU
		{D664B884-8E21-45E9-9F7C-8985EC8BDD2B}.Debug|Any CPU.Build.0 = Debug|Any CPU
		{D664B884-8E21-45E9-9F7C-8985EC8BDD2B}.Release|Any CPU.ActiveCfg = Release|Any CPU
		{D664B884-8E21-45E9-9F7C-8985EC8BDD2B}.Release|Any CPU.Build.0 = Release|Any CPU
		{6315A681-B5D3-4648-A87A-E4D4CFA4E705}.Debug|Any CPU.ActiveCfg = Debug|Any CPU
		{6315A681-B5D3-4648-A87A-E4D4CFA4E705}.Debug|Any CPU.Build.0 = Debug|Any CPU
		{6315A681-B5D3-4648-A87A-E4D4CFA4E705}.Release|Any CPU.ActiveCfg = Release|Any CPU
		{6315A681-B5D3-4648-A87A-E4D4CFA4E705}.Release|Any CPU.Build.0 = Release|Any CPU
		{D4E87ABF-636C-4A18-872F-74859039F77B}.Debug|Any CPU.ActiveCfg = Debug|Any CPU
		{D4E87ABF-636C-4A18-872F-74859039F77B}.Debug|Any CPU.Build.0 = Debug|Any CPU
		{D4E87ABF-636C-4A18-872F-74859039F77B}.Release|Any CPU.ActiveCfg = Release|Any CPU
		{D4E87ABF-636C-4A18-872F-74859039F77B}.Release|Any CPU.Build.0 = Release|Any CPU
		{7D6C798A-05FF-4F4C-BD92-2297916598CA}.Debug|Any CPU.ActiveCfg = Debug|Any CPU
		{7D6C798A-05FF-4F4C-BD92-2297916598CA}.Debug|Any CPU.Build.0 = Debug|Any CPU
		{7D6C798A-05FF-4F4C-BD92-2297916598CA}.Release|Any CPU.ActiveCfg = Release|Any CPU
		{7D6C798A-05FF-4F4C-BD92-2297916598CA}.Release|Any CPU.Build.0 = Release|Any CPU
		{7A0B43FE-CF5F-4EAB-80A3-82E9BC580C7B}.Debug|Any CPU.ActiveCfg = Debug|Any CPU
		{7A0B43FE-CF5F-4EAB-80A3-82E9BC580C7B}.Debug|Any CPU.Build.0 = Debug|Any CPU
		{7A0B43FE-CF5F-4EAB-80A3-82E9BC580C7B}.Release|Any CPU.ActiveCfg = Release|Any CPU
		{7A0B43FE-CF5F-4EAB-80A3-82E9BC580C7B}.Release|Any CPU.Build.0 = Release|Any CPU
		{888BEAA6-D8C2-48FE-A207-016BB6C9949D}.Debug|Any CPU.ActiveCfg = Debug|Any CPU
		{888BEAA6-D8C2-48FE-A207-016BB6C9949D}.Debug|Any CPU.Build.0 = Debug|Any CPU
		{888BEAA6-D8C2-48FE-A207-016BB6C9949D}.Release|Any CPU.ActiveCfg = Release|Any CPU
		{888BEAA6-D8C2-48FE-A207-016BB6C9949D}.Release|Any CPU.Build.0 = Release|Any CPU
		{DFADCDF0-2722-4153-9D5E-77AB4C2B9CBF}.Debug|Any CPU.ActiveCfg = Debug|Any CPU
		{DFADCDF0-2722-4153-9D5E-77AB4C2B9CBF}.Debug|Any CPU.Build.0 = Debug|Any CPU
		{DFADCDF0-2722-4153-9D5E-77AB4C2B9CBF}.Release|Any CPU.ActiveCfg = Release|Any CPU
		{DFADCDF0-2722-4153-9D5E-77AB4C2B9CBF}.Release|Any CPU.Build.0 = Release|Any CPU
		{4B576F04-4E2B-420E-80CE-35121805AEF1}.Debug|Any CPU.ActiveCfg = Debug|Any CPU
		{4B576F04-4E2B-420E-80CE-35121805AEF1}.Debug|Any CPU.Build.0 = Debug|Any CPU
		{4B576F04-4E2B-420E-80CE-35121805AEF1}.Release|Any CPU.ActiveCfg = Release|Any CPU
		{4B576F04-4E2B-420E-80CE-35121805AEF1}.Release|Any CPU.Build.0 = Release|Any CPU
		{2D464A21-C8D4-48CB-9FC1-12F3A4CF5D9B}.Debug|Any CPU.ActiveCfg = Debug|Any CPU
		{2D464A21-C8D4-48CB-9FC1-12F3A4CF5D9B}.Debug|Any CPU.Build.0 = Debug|Any CPU
		{2D464A21-C8D4-48CB-9FC1-12F3A4CF5D9B}.Release|Any CPU.ActiveCfg = Release|Any CPU
		{2D464A21-C8D4-48CB-9FC1-12F3A4CF5D9B}.Release|Any CPU.Build.0 = Release|Any CPU
		{830C25BD-0B7B-4662-9259-7D4711726D47}.Debug|Any CPU.ActiveCfg = Debug|Any CPU
		{830C25BD-0B7B-4662-9259-7D4711726D47}.Debug|Any CPU.Build.0 = Debug|Any CPU
		{830C25BD-0B7B-4662-9259-7D4711726D47}.Release|Any CPU.ActiveCfg = Release|Any CPU
		{830C25BD-0B7B-4662-9259-7D4711726D47}.Release|Any CPU.Build.0 = Release|Any CPU
		{A781C6A4-5D68-4DC2-8C01-9F125D65B3D9}.Debug|Any CPU.ActiveCfg = Debug|Any CPU
		{A781C6A4-5D68-4DC2-8C01-9F125D65B3D9}.Debug|Any CPU.Build.0 = Debug|Any CPU
		{A781C6A4-5D68-4DC2-8C01-9F125D65B3D9}.Release|Any CPU.ActiveCfg = Release|Any CPU
		{A781C6A4-5D68-4DC2-8C01-9F125D65B3D9}.Release|Any CPU.Build.0 = Release|Any CPU
		{A7E6C843-8C15-41CC-A544-2A560678C8B5}.Debug|Any CPU.ActiveCfg = Debug|Any CPU
		{A7E6C843-8C15-41CC-A544-2A560678C8B5}.Debug|Any CPU.Build.0 = Debug|Any CPU
		{A7E6C843-8C15-41CC-A544-2A560678C8B5}.Release|Any CPU.ActiveCfg = Release|Any CPU
		{A7E6C843-8C15-41CC-A544-2A560678C8B5}.Release|Any CPU.Build.0 = Release|Any CPU
		{30FFBB8F-DFDE-4AD0-8927-0FFE64F9EB8E}.Debug|Any CPU.ActiveCfg = Debug|Any CPU
		{30FFBB8F-DFDE-4AD0-8927-0FFE64F9EB8E}.Debug|Any CPU.Build.0 = Debug|Any CPU
		{30FFBB8F-DFDE-4AD0-8927-0FFE64F9EB8E}.Release|Any CPU.ActiveCfg = Release|Any CPU
		{30FFBB8F-DFDE-4AD0-8927-0FFE64F9EB8E}.Release|Any CPU.Build.0 = Release|Any CPU
		{BF1F77C5-57EF-424E-81E0-484D2745C1D7}.Debug|Any CPU.ActiveCfg = Debug|Any CPU
		{BF1F77C5-57EF-424E-81E0-484D2745C1D7}.Debug|Any CPU.Build.0 = Debug|Any CPU
		{BF1F77C5-57EF-424E-81E0-484D2745C1D7}.Release|Any CPU.ActiveCfg = Release|Any CPU
		{BF1F77C5-57EF-424E-81E0-484D2745C1D7}.Release|Any CPU.Build.0 = Release|Any CPU
		{2FD88951-4853-4DD1-892F-46CC91EDFD7C}.Debug|Any CPU.ActiveCfg = Debug|Any CPU
		{2FD88951-4853-4DD1-892F-46CC91EDFD7C}.Debug|Any CPU.Build.0 = Debug|Any CPU
		{2FD88951-4853-4DD1-892F-46CC91EDFD7C}.Release|Any CPU.ActiveCfg = Release|Any CPU
		{2FD88951-4853-4DD1-892F-46CC91EDFD7C}.Release|Any CPU.Build.0 = Release|Any CPU
		{7C7B5622-375D-4C45-B5F9-73192D7B206D}.Debug|Any CPU.ActiveCfg = Debug|Any CPU
		{7C7B5622-375D-4C45-B5F9-73192D7B206D}.Debug|Any CPU.Build.0 = Debug|Any CPU
		{7C7B5622-375D-4C45-B5F9-73192D7B206D}.Release|Any CPU.ActiveCfg = Release|Any CPU
		{7C7B5622-375D-4C45-B5F9-73192D7B206D}.Release|Any CPU.Build.0 = Release|Any CPU
		{3401EBAB-09AE-43A3-BE98-E4EC17C40365}.Debug|Any CPU.ActiveCfg = Debug|Any CPU
		{3401EBAB-09AE-43A3-BE98-E4EC17C40365}.Debug|Any CPU.Build.0 = Debug|Any CPU
		{3401EBAB-09AE-43A3-BE98-E4EC17C40365}.Release|Any CPU.ActiveCfg = Release|Any CPU
		{3401EBAB-09AE-43A3-BE98-E4EC17C40365}.Release|Any CPU.Build.0 = Release|Any CPU
		{17A1EBAF-0CF1-4519-AA1C-AEA3A627618E}.Debug|Any CPU.ActiveCfg = Debug|Any CPU
		{17A1EBAF-0CF1-4519-AA1C-AEA3A627618E}.Debug|Any CPU.Build.0 = Debug|Any CPU
		{17A1EBAF-0CF1-4519-AA1C-AEA3A627618E}.Release|Any CPU.ActiveCfg = Release|Any CPU
		{17A1EBAF-0CF1-4519-AA1C-AEA3A627618E}.Release|Any CPU.Build.0 = Release|Any CPU
		{67060ED5-7C13-4C0A-9C69-CF12005C8BB7}.Debug|Any CPU.ActiveCfg = Debug|Any CPU
		{67060ED5-7C13-4C0A-9C69-CF12005C8BB7}.Debug|Any CPU.Build.0 = Debug|Any CPU
		{67060ED5-7C13-4C0A-9C69-CF12005C8BB7}.Release|Any CPU.ActiveCfg = Release|Any CPU
		{67060ED5-7C13-4C0A-9C69-CF12005C8BB7}.Release|Any CPU.Build.0 = Release|Any CPU
	EndGlobalSection
	GlobalSection(SolutionProperties) = preSolution
		HideSolutionNode = FALSE
	EndGlobalSection
	GlobalSection(ExtensibilityGlobals) = postSolution
		SolutionGuid = {268CDD6B-F584-4904-83A0-8F03E7667892}
	EndGlobalSection
EndGlobal
