Microsoft Visual Studio Solution File, Format Version 12.00
# Visual Studio Version 17
VisualStudioVersion = 17.13.35825.156
MinimumVisualStudioVersion = 10.0.40219.1
Project("{FAE04EC0-301F-11D3-BF4B-00C04F79EFBC}") = "Learn", "Learn\Learn.csproj", "{C00D447A-A673-4DC1-BF67-DDC0C32F6C6A}"
EndProject
Project("{FAE04EC0-301F-11D3-BF4B-00C04F79EFBC}") = "LS2", "LS2\LS2.csproj", "{2358F33D-6928-48B0-AEDB-8186F4A29C42}"
EndProject
Project("{FAE04EC0-301F-11D3-BF4B-00C04F79EFBC}") = "LS3", "LS3\LS3.csproj", "{9AAC2FE6-A13D-485E-8965-53B988F999BB}"
EndProject
Project("{FAE04EC0-301F-11D3-BF4B-00C04F79EFBC}") = "LS4", "LS4\LS4.csproj", "{5B2C48F2-8CDD-445D-9F6D-B7BAF2E081DF}"
EndProject
Project("{FAE04EC0-301F-11D3-BF4B-00C04F79EFBC}") = "LS5", "LS5\LS5.csproj", "{5865267A-F6D7-456C-BC8B-2AD6D3387FB9}"
EndProject
Project("{FAE04EC0-301F-11D3-BF4B-00C04F79EFBC}") = "LS6", "LS6\LS6.csproj", "{460355AC-349A-4025-9BA3-6187CF08DC5B}"
EndProject
Project("{FAE04EC0-301F-11D3-BF4B-00C04F79EFBC}") = "LS7", "LS7\LS7.csproj", "{3971240A-6631-465B-A975-ACAD99712BD1}"
EndProject
Project("{FAE04EC0-301F-11D3-BF4B-00C04F79EFBC}") = "LS8", "LS8\LS8.csproj", "{AB8D4EAF-A656-4977-8AFE-E9482B3FB77B}"
EndProject
Project("{FAE04EC0-301F-11D3-BF4B-00C04F79EFBC}") = "LS9", "LS9\LS9.csproj", "{C4FD5F0E-2CC3-4BEF-A6E4-0E572CB5B348}"
EndProject
Project("{FAE04EC0-301F-11D3-BF4B-00C04F79EFBC}") = "LS10", "LS10\LS10.csproj", "{0B418ED7-9F6B-4F6B-A0E7-217D3D17E3AA}"
EndProject
Project("{FAE04EC0-301F-11D3-BF4B-00C04F79EFBC}") = "LS11", "LS11\LS11.csproj", "{ACA55D31-E02A-4F14-AA4A-06AFB91188F8}"
EndProject
Project("{FAE04EC0-301F-11D3-BF4B-00C04F79EFBC}") = "LS12", "LS12\LS12.csproj", "{89C2F539-FEB9-4B67-9765-6870024BB2E8}"
EndProject
Global
	GlobalSection(SolutionConfigurationPlatforms) = preSolution
		Debug|Any CPU = Debug|Any CPU
		Release|Any CPU = Release|Any CPU
	EndGlobalSection
	GlobalSection(ProjectConfigurationPlatforms) = postSolution
		{C00D447A-A673-4DC1-BF67-DDC0C32F6C6A}.Debug|Any CPU.ActiveCfg = Debug|Any CPU
		{C00D447A-A673-4DC1-BF67-DDC0C32F6C6A}.Debug|Any CPU.Build.0 = Debug|Any CPU
		{C00D447A-A673-4DC1-BF67-DDC0C32F6C6A}.Release|Any CPU.ActiveCfg = Release|Any CPU
		{C00D447A-A673-4DC1-BF67-DDC0C32F6C6A}.Release|Any CPU.Build.0 = Release|Any CPU
		{2358F33D-6928-48B0-AEDB-8186F4A29C42}.Debug|Any CPU.ActiveCfg = Debug|Any CPU
		{2358F33D-6928-48B0-AEDB-8186F4A29C42}.Debug|Any CPU.Build.0 = Debug|Any CPU
		{2358F33D-6928-48B0-AEDB-8186F4A29C42}.Release|Any CPU.ActiveCfg = Release|Any CPU
		{2358F33D-6928-48B0-AEDB-8186F4A29C42}.Release|Any CPU.Build.0 = Release|Any CPU
		{9AAC2FE6-A13D-485E-8965-53B988F999BB}.Debug|Any CPU.ActiveCfg = Debug|Any CPU
		{9AAC2FE6-A13D-485E-8965-53B988F999BB}.Debug|Any CPU.Build.0 = Debug|Any CPU
		{9AAC2FE6-A13D-485E-8965-53B988F999BB}.Release|Any CPU.ActiveCfg = Release|Any CPU
		{9AAC2FE6-A13D-485E-8965-53B988F999BB}.Release|Any CPU.Build.0 = Release|Any CPU
		{5B2C48F2-8CDD-445D-9F6D-B7BAF2E081DF}.Debug|Any CPU.ActiveCfg = Debug|Any CPU
		{5B2C48F2-8CDD-445D-9F6D-B7BAF2E081DF}.Debug|Any CPU.Build.0 = Debug|Any CPU
		{5B2C48F2-8CDD-445D-9F6D-B7BAF2E081DF}.Release|Any CPU.ActiveCfg = Release|Any CPU
		{5B2C48F2-8CDD-445D-9F6D-B7BAF2E081DF}.Release|Any CPU.Build.0 = Release|Any CPU
		{5865267A-F6D7-456C-BC8B-2AD6D3387FB9}.Debug|Any CPU.ActiveCfg = Debug|Any CPU
		{5865267A-F6D7-456C-BC8B-2AD6D3387FB9}.Debug|Any CPU.Build.0 = Debug|Any CPU
		{5865267A-F6D7-456C-BC8B-2AD6D3387FB9}.Release|Any CPU.ActiveCfg = Release|Any CPU
		{5865267A-F6D7-456C-BC8B-2AD6D3387FB9}.Release|Any CPU.Build.0 = Release|Any CPU
		{460355AC-349A-4025-9BA3-6187CF08DC5B}.Debug|Any CPU.ActiveCfg = Debug|Any CPU
		{460355AC-349A-4025-9BA3-6187CF08DC5B}.Debug|Any CPU.Build.0 = Debug|Any CPU
		{460355AC-349A-4025-9BA3-6187CF08DC5B}.Release|Any CPU.ActiveCfg = Release|Any CPU
		{460355AC-349A-4025-9BA3-6187CF08DC5B}.Release|Any CPU.Build.0 = Release|Any CPU
		{3971240A-6631-465B-A975-ACAD99712BD1}.Debug|Any CPU.ActiveCfg = Debug|Any CPU
		{3971240A-6631-465B-A975-ACAD99712BD1}.Debug|Any CPU.Build.0 = Debug|Any CPU
		{3971240A-6631-465B-A975-ACAD99712BD1}.Release|Any CPU.ActiveCfg = Release|Any CPU
		{3971240A-6631-465B-A975-ACAD99712BD1}.Release|Any CPU.Build.0 = Release|Any CPU
		{AB8D4EAF-A656-4977-8AFE-E9482B3FB77B}.Debug|Any CPU.ActiveCfg = Debug|Any CPU
		{AB8D4EAF-A656-4977-8AFE-E9482B3FB77B}.Debug|Any CPU.Build.0 = Debug|Any CPU
		{AB8D4EAF-A656-4977-8AFE-E9482B3FB77B}.Release|Any CPU.ActiveCfg = Release|Any CPU
		{AB8D4EAF-A656-4977-8AFE-E9482B3FB77B}.Release|Any CPU.Build.0 = Release|Any CPU
		{C4FD5F0E-2CC3-4BEF-A6E4-0E572CB5B348}.Debug|Any CPU.ActiveCfg = Debug|Any CPU
		{C4FD5F0E-2CC3-4BEF-A6E4-0E572CB5B348}.Debug|Any CPU.Build.0 = Debug|Any CPU
		{C4FD5F0E-2CC3-4BEF-A6E4-0E572CB5B348}.Release|Any CPU.ActiveCfg = Release|Any CPU
		{C4FD5F0E-2CC3-4BEF-A6E4-0E572CB5B348}.Release|Any CPU.Build.0 = Release|Any CPU
		{0B418ED7-9F6B-4F6B-A0E7-217D3D17E3AA}.Debug|Any CPU.ActiveCfg = Debug|Any CPU
		{0B418ED7-9F6B-4F6B-A0E7-217D3D17E3AA}.Debug|Any CPU.Build.0 = Debug|Any CPU
		{0B418ED7-9F6B-4F6B-A0E7-217D3D17E3AA}.Release|Any CPU.ActiveCfg = Release|Any CPU
		{0B418ED7-9F6B-4F6B-A0E7-217D3D17E3AA}.Release|Any CPU.Build.0 = Release|Any CPU
		{ACA55D31-E02A-4F14-AA4A-06AFB91188F8}.Debug|Any CPU.ActiveCfg = Debug|Any CPU
		{ACA55D31-E02A-4F14-AA4A-06AFB91188F8}.Debug|Any CPU.Build.0 = Debug|Any CPU
		{ACA55D31-E02A-4F14-AA4A-06AFB91188F8}.Release|Any CPU.ActiveCfg = Release|Any CPU
		{ACA55D31-E02A-4F14-AA4A-06AFB91188F8}.Release|Any CPU.Build.0 = Release|Any CPU
		{89C2F539-FEB9-4B67-9765-6870024BB2E8}.Debug|Any CPU.ActiveCfg = Debug|Any CPU
		{89C2F539-FEB9-4B67-9765-6870024BB2E8}.Debug|Any CPU.Build.0 = Debug|Any CPU
		{89C2F539-FEB9-4B67-9765-6870024BB2E8}.Release|Any CPU.ActiveCfg = Release|Any CPU
		{89C2F539-FEB9-4B67-9765-6870024BB2E8}.Release|Any CPU.Build.0 = Release|Any CPU
	EndGlobalSection
	GlobalSection(SolutionProperties) = preSolution
		HideSolutionNode = FALSE
	EndGlobalSection
	GlobalSection(ExtensibilityGlobals) = postSolution
		SolutionGuid = {268CDD6B-F584-4904-83A0-8F03E7667892}
	EndGlobalSection
EndGlobal
